
Microsoft Visual Studio Solution File, Format Version 12.00
# Visual Studio 15
VisualStudioVersion = 15.0.28307.572
MinimumVisualStudioVersion = 10.0.40219.1
Project("{FAE04EC0-301F-11D3-BF4B-00C04F79EFBC}") = "RegisterAPI", "RegisterAPI\RegisterAPI.csproj", "{B0C4B2E6-7F90-4482-A18C-17875DB57FAF}"
EndProject
Project("{FAE04EC0-301F-11D3-BF4B-00C04F79EFBC}") = "RegisterAPI.Tests", "RegisterAPI.Tests\RegisterAPI.Tests.csproj", "{ED4F70FE-4327-478F-9F2F-A8DC7013B693}"
EndProject
Project("{FAE04EC0-301F-11D3-BF4B-00C04F79EFBC}") = "ConsumeRegisterAPI", "ConsumeRegisterAPI\ConsumeRegisterAPI.csproj", "{0346796B-21AD-4D38-827E-C4348117028F}"
EndProject
Project("{FAE04EC0-301F-11D3-BF4B-00C04F79EFBC}") = "ConsumeRegAPI", "ConsumeRegAPI\ConsumeRegAPI.csproj", "{4BC36CDD-F896-4E92-9637-1B5AA2486A18}"
EndProject
Global
	GlobalSection(SolutionConfigurationPlatforms) = preSolution
		Debug|Any CPU = Debug|Any CPU
		Release|Any CPU = Release|Any CPU
	EndGlobalSection
	GlobalSection(ProjectConfigurationPlatforms) = postSolution
		{B0C4B2E6-7F90-4482-A18C-17875DB57FAF}.Debug|Any CPU.ActiveCfg = Debug|Any CPU
		{B0C4B2E6-7F90-4482-A18C-17875DB57FAF}.Debug|Any CPU.Build.0 = Debug|Any CPU
		{B0C4B2E6-7F90-4482-A18C-17875DB57FAF}.Release|Any CPU.ActiveCfg = Release|Any CPU
		{B0C4B2E6-7F90-4482-A18C-17875DB57FAF}.Release|Any CPU.Build.0 = Release|Any CPU
		{ED4F70FE-4327-478F-9F2F-A8DC7013B693}.Debug|Any CPU.ActiveCfg = Debug|Any CPU
		{ED4F70FE-4327-478F-9F2F-A8DC7013B693}.Debug|Any CPU.Build.0 = Debug|Any CPU
		{ED4F70FE-4327-478F-9F2F-A8DC7013B693}.Release|Any CPU.ActiveCfg = Release|Any CPU
		{ED4F70FE-4327-478F-9F2F-A8DC7013B693}.Release|Any CPU.Build.0 = Release|Any CPU
		{0346796B-21AD-4D38-827E-C4348117028F}.Debug|Any CPU.ActiveCfg = Debug|Any CPU
		{0346796B-21AD-4D38-827E-C4348117028F}.Debug|Any CPU.Build.0 = Debug|Any CPU
		{0346796B-21AD-4D38-827E-C4348117028F}.Release|Any CPU.ActiveCfg = Release|Any CPU
		{0346796B-21AD-4D38-827E-C4348117028F}.Release|Any CPU.Build.0 = Release|Any CPU
		{4BC36CDD-F896-4E92-9637-1B5AA2486A18}.Debug|Any CPU.ActiveCfg = Debug|Any CPU
		{4BC36CDD-F896-4E92-9637-1B5AA2486A18}.Debug|Any CPU.Build.0 = Debug|Any CPU
		{4BC36CDD-F896-4E92-9637-1B5AA2486A18}.Release|Any CPU.ActiveCfg = Release|Any CPU
		{4BC36CDD-F896-4E92-9637-1B5AA2486A18}.Release|Any CPU.Build.0 = Release|Any CPU
	EndGlobalSection
	GlobalSection(SolutionProperties) = preSolution
		HideSolutionNode = FALSE
	EndGlobalSection
	GlobalSection(ExtensibilityGlobals) = postSolution
		SolutionGuid = {0928A98F-6013-48FC-8894-EF74BC0C4146}
	EndGlobalSection
EndGlobal
